
Microsoft Visual Studio Solution File, Format Version 12.00
# Visual Studio Version 17
VisualStudioVersion = 17.3.32721.290
MinimumVisualStudioVersion = 10.0.40219.1
Project("{9A19103F-16F7-4668-BE54-9A1E7A4F7556}") = "AlgorithmsLib", "AlgorithmsLib\AlgorithmsLib.csproj", "{FAC08D87-9182-4E1E-8CEB-B42BE14BA152}"
EndProject
Project("{9A19103F-16F7-4668-BE54-9A1E7A4F7556}") = "AlgorithmsTests", "AlgorithmsTests\AlgorithmsTests.csproj", "{A13DB375-AD8F-4673-BA10-CBD753B3FC73}"
EndProject
Project("{9A19103F-16F7-4668-BE54-9A1E7A4F7556}") = "AlgorithmsUtilities", "AlgorithmsUtilities\AlgorithmsUtilities.csproj", "{A5A622C2-7B95-4CDC-A177-EB9BD7B73B3C}"
EndProject
Project("{9A19103F-16F7-4668-BE54-9A1E7A4F7556}") = "AlgorithmsUtilitiesTests", "AlgorithmsUtilitiesTests\AlgorithmsUtilitiesTests.csproj", "{DCCD7896-DEF0-42E7-AB36-9D1D2C6D9C78}"
EndProject
Project("{9A19103F-16F7-4668-BE54-9A1E7A4F7556}") = "BinarySearch", "BinarySearch\BinarySearch.csproj", "{135324CF-4920-42A6-B2DB-4296F8117C64}"
EndProject
Project("{FAE04EC0-301F-11D3-BF4B-00C04F79EFBC}") = "Quicksort", "Quicksort\Quicksort.csproj", "{CA37FC4E-B7A1-4BF9-B63A-BAC465EBDB9A}"
EndProject
Project("{FAE04EC0-301F-11D3-BF4B-00C04F79EFBC}") = "BreadthFirstSearch", "BreadthFirstSearch\BreadthFirstSearch.csproj", "{04F656B4-11DF-4606-9BD8-B3F99C4CD390}"
EndProject
Global
	GlobalSection(SolutionConfigurationPlatforms) = preSolution
		Debug|Any CPU = Debug|Any CPU
		Release|Any CPU = Release|Any CPU
	EndGlobalSection
	GlobalSection(ProjectConfigurationPlatforms) = postSolution
		{FAC08D87-9182-4E1E-8CEB-B42BE14BA152}.Debug|Any CPU.ActiveCfg = Debug|Any CPU
		{FAC08D87-9182-4E1E-8CEB-B42BE14BA152}.Debug|Any CPU.Build.0 = Debug|Any CPU
		{FAC08D87-9182-4E1E-8CEB-B42BE14BA152}.Release|Any CPU.ActiveCfg = Release|Any CPU
		{FAC08D87-9182-4E1E-8CEB-B42BE14BA152}.Release|Any CPU.Build.0 = Release|Any CPU
		{A13DB375-AD8F-4673-BA10-CBD753B3FC73}.Debug|Any CPU.ActiveCfg = Debug|Any CPU
		{A13DB375-AD8F-4673-BA10-CBD753B3FC73}.Debug|Any CPU.Build.0 = Debug|Any CPU
		{A13DB375-AD8F-4673-BA10-CBD753B3FC73}.Release|Any CPU.ActiveCfg = Release|Any CPU
		{A13DB375-AD8F-4673-BA10-CBD753B3FC73}.Release|Any CPU.Build.0 = Release|Any CPU
		{A5A622C2-7B95-4CDC-A177-EB9BD7B73B3C}.Debug|Any CPU.ActiveCfg = Debug|Any CPU
		{A5A622C2-7B95-4CDC-A177-EB9BD7B73B3C}.Debug|Any CPU.Build.0 = Debug|Any CPU
		{A5A622C2-7B95-4CDC-A177-EB9BD7B73B3C}.Release|Any CPU.ActiveCfg = Release|Any CPU
		{A5A622C2-7B95-4CDC-A177-EB9BD7B73B3C}.Release|Any CPU.Build.0 = Release|Any CPU
		{DCCD7896-DEF0-42E7-AB36-9D1D2C6D9C78}.Debug|Any CPU.ActiveCfg = Debug|Any CPU
		{DCCD7896-DEF0-42E7-AB36-9D1D2C6D9C78}.Debug|Any CPU.Build.0 = Debug|Any CPU
		{DCCD7896-DEF0-42E7-AB36-9D1D2C6D9C78}.Release|Any CPU.ActiveCfg = Release|Any CPU
		{DCCD7896-DEF0-42E7-AB36-9D1D2C6D9C78}.Release|Any CPU.Build.0 = Release|Any CPU
		{135324CF-4920-42A6-B2DB-4296F8117C64}.Debug|Any CPU.ActiveCfg = Debug|Any CPU
		{135324CF-4920-42A6-B2DB-4296F8117C64}.Debug|Any CPU.Build.0 = Debug|Any CPU
		{135324CF-4920-42A6-B2DB-4296F8117C64}.Release|Any CPU.ActiveCfg = Release|Any CPU
		{135324CF-4920-42A6-B2DB-4296F8117C64}.Release|Any CPU.Build.0 = Release|Any CPU
		{CA37FC4E-B7A1-4BF9-B63A-BAC465EBDB9A}.Debug|Any CPU.ActiveCfg = Debug|Any CPU
		{CA37FC4E-B7A1-4BF9-B63A-BAC465EBDB9A}.Debug|Any CPU.Build.0 = Debug|Any CPU
		{CA37FC4E-B7A1-4BF9-B63A-BAC465EBDB9A}.Release|Any CPU.ActiveCfg = Release|Any CPU
		{CA37FC4E-B7A1-4BF9-B63A-BAC465EBDB9A}.Release|Any CPU.Build.0 = Release|Any CPU
		{04F656B4-11DF-4606-9BD8-B3F99C4CD390}.Debug|Any CPU.ActiveCfg = Debug|Any CPU
		{04F656B4-11DF-4606-9BD8-B3F99C4CD390}.Debug|Any CPU.Build.0 = Debug|Any CPU
		{04F656B4-11DF-4606-9BD8-B3F99C4CD390}.Release|Any CPU.ActiveCfg = Release|Any CPU
		{04F656B4-11DF-4606-9BD8-B3F99C4CD390}.Release|Any CPU.Build.0 = Release|Any CPU
	EndGlobalSection
	GlobalSection(SolutionProperties) = preSolution
		HideSolutionNode = FALSE
	EndGlobalSection
	GlobalSection(ExtensibilityGlobals) = postSolution
		SolutionGuid = {570AAE92-7551-42B0-B843-475372600EE3}
	EndGlobalSection
EndGlobal
